
Microsoft Visual Studio Solution File, Format Version 12.00
# Visual Studio Version 16
VisualStudioVersion = 16.0.31424.327
MinimumVisualStudioVersion = 10.0.40219.1
Project("{FAE04EC0-301F-11D3-BF4B-00C04F79EFBC}") = "CoreSignalRApplication", "CoreSignalRApplication\CoreSignalRApplication.csproj", "{6AE8F384-1DEF-4511-9F71-3BDA5D5FAE2D}"
EndProject
Global
	GlobalSection(SolutionConfigurationPlatforms) = preSolution
		Debug|Any CPU = Debug|Any CPU
		Release|Any CPU = Release|Any CPU
	EndGlobalSection
	GlobalSection(ProjectConfigurationPlatforms) = postSolution
		{6AE8F384-1DEF-4511-9F71-3BDA5D5FAE2D}.Debug|Any CPU.ActiveCfg = Debug|Any CPU
		{6AE8F384-1DEF-4511-9F71-3BDA5D5FAE2D}.Debug|Any CPU.Build.0 = Debug|Any CPU
		{6AE8F384-1DEF-4511-9F71-3BDA5D5FAE2D}.Release|Any CPU.ActiveCfg = Release|Any CPU
		{6AE8F384-1DEF-4511-9F71-3BDA5D5FAE2D}.Release|Any CPU.Build.0 = Release|Any CPU
	EndGlobalSection
	GlobalSection(SolutionProperties) = preSolution
		HideSolutionNode = FALSE
	EndGlobalSection
	GlobalSection(ExtensibilityGlobals) = postSolution
		SolutionGuid = {40CA920E-E4A7-4B63-AA01-E1DFBA6E2C6E}
	EndGlobalSection
EndGlobal
